# This file is generated by running "yarn install" inside your project.
# Manual changes might be lost - proceed with caution!

__metadata:
  version: 6
  cacheKey: 8

"commander@npm:^8.0.0, commander@npm:^8.1.0, commander@npm:^8.3.0":
  version: 8.3.0
  resolution: "commander@npm:8.3.0"
  checksum: 0f82321821fc27b83bd409510bb9deeebcfa799ff0bf5d102128b500b7af22872c0c92cb6a0ebc5a4cf19c6b550fba9cedfa7329d18c6442a625f851377bacf0
  languageName: node
  linkType: hard

"core-js@npm:3.16.1":
  version: 3.16.1
  resolution: "core-js@npm:3.16.1"
  checksum: 7924fa2a7f00e3a33bbe92fe42ba59fbbe7e01557a59824d000976300be3ba224cca20161f61654b3861ea80d244d6adfee6ed3ae6d6d9931210a37510fb7c9b
  languageName: node
  linkType: hard

"core-js@npm:3.22.0":
  version: 3.22.0
  resolution: "core-js@npm:3.22.0"
  checksum: 88ac28dfb8e7fdcd80d32a69dc634900e3daf3bc873ebefb6f189b598ce96e9b68fe553428627e5c43f27749779389faceb865a2a120cf2d44f05795830b5cd7
  languageName: node
  linkType: hard

"fs-extra@npm:^10.0.0, fs-extra@npm:^10.0.1":
  version: 10.1.0
  resolution: "fs-extra@npm:10.1.0"
  dependencies:
    graceful-fs: ^4.2.0
    jsonfile: ^6.0.1
    universalify: ^2.0.0
  checksum: dc94ab37096f813cc3ca12f0f1b5ad6744dfed9ed21e953d72530d103cea193c2f81584a39e9dee1bea36de5ee66805678c0dddc048e8af1427ac19c00fffc50
  languageName: node
  linkType: hard

"graceful-fs@npm:^4.1.6, graceful-fs@npm:^4.2.0":
  version: 4.2.10
  resolution: "graceful-fs@npm:4.2.10"
  checksum: 3f109d70ae123951905d85032ebeae3c2a5a7a997430df00ea30df0e3a6c60cf6689b109654d6fdacd28810a053348c4d14642da1d075049e6be1ba5216218da
  languageName: node
  linkType: hard

"highlight.js@npm:^11.2.0, highlight.js@npm:^11.5.1":
  version: 11.5.1
  resolution: "highlight.js@npm:11.5.1"
  checksum: bff556101d7691c6275ad19318e368fc971cd0621ef3d86222f5373df7d8191a2fc1ffd47f118138cbcf85e5fe91cfeefaecd6184f49a3ec18090955efc9edef
  languageName: node
  linkType: hard

"jsonfile@npm:^6.0.1":
  version: 6.1.0
  resolution: "jsonfile@npm:6.1.0"
  dependencies:
    graceful-fs: ^4.1.6
    universalify: ^2.0.0
  dependenciesMeta:
    graceful-fs:
      optional: true
  checksum: 7af3b8e1ac8fe7f1eccc6263c6ca14e1966fcbc74b618d3c78a0a2075579487547b94f72b7a1114e844a1e15bb00d440e5d1720bfc4612d790a6f285d5ea8354
  languageName: node
  linkType: hard

"katex@npm:^0.13.13, katex@npm:^0.13.24":
  version: 0.13.24
  resolution: "katex@npm:0.13.24"
  dependencies:
    commander: ^8.0.0
  bin:
    katex: cli.js
  checksum: 1b7c8295867073d0db4f6fb41ef1c0e3418b8e23924ff61b446b36134cb74cdadc7242dfbfb922d9c32f0b15eda6160a08cd30948c4e78141966ca2991a1726b
  languageName: node
  linkType: hard

"mkdirp@npm:^1.0.4":
  version: 1.0.4
  resolution: "mkdirp@npm:1.0.4"
  bin:
    mkdirp: bin/cmd.js
  checksum: a96865108c6c3b1b8e1d5e9f11843de1e077e57737602de1b82030815f311be11f96f09cce59bd5b903d0b29834733e5313f9301e3ed6d6f6fba2eae0df4298f
  languageName: node
  linkType: hard

"richmd-cli@npm:^0.4.0":
  version: 0.4.0
  resolution: "richmd-cli@npm:0.4.0"
  dependencies:
    commander: ^8.1.0
    core-js: 3.16.1
    fs-extra: ^10.0.0
    highlight.js: ^11.2.0
    katex: ^0.13.13
    mkdirp: ^1.0.4
    richmd: ^2.2.4
  bin:
    richmd: lib/script.js
  checksum: 4b7b497100b7ade737c4f25729ea5b1b8c59187c14eb3cc767f92c45a72e279f310deed79365874a180cbed8b4793437c5c912b16cf0a2ee6af57a7af0253a45
  languageName: node
  linkType: hard

"richmd-vue@workspace:.":
  version: 0.0.0-use.local
  resolution: "richmd-vue@workspace:."
  dependencies:
    richmd: ^2.2.7
  languageName: unknown
  linkType: soft

"richmd@npm:^2.2.4, richmd@npm:^2.2.7":
  version: 2.2.7
  resolution: "richmd@npm:2.2.7"
  dependencies:
    commander: ^8.3.0
    core-js: 3.22.0
    fs-extra: ^10.0.1
    highlight.js: ^11.5.1
    katex: ^0.13.24
    mkdirp: ^1.0.4
    richmd-cli: ^0.4.0
  bin:
    richmd: lib/script.js
  checksum: 83c17ab8a97cd73c067a33c61fd8d845e9ea1324fb51ac40398f941158ed696455ccdcfce0fccc5b0e04f27f995289e1233ef301a07b609054ca2297211a95f0
  languageName: node
  linkType: hard

"universalify@npm:^2.0.0":
  version: 2.0.0
  resolution: "universalify@npm:2.0.0"
  checksum: 2406a4edf4a8830aa6813278bab1f953a8e40f2f63a37873ffa9a3bc8f9745d06cc8e88f3572cb899b7e509013f7f6fcc3e37e8a6d914167a5381d8440518c44
  languageName: node
  linkType: hard
