# This file is generated by running "yarn install" inside your project.
# Manual changes might be lost - proceed with caution!

__metadata:
  version: 6
  cacheKey: 8

"@babel/helper-validator-identifier@npm:^7.16.7":
  version: 7.16.7
  resolution: "@babel/helper-validator-identifier@npm:7.16.7"
  checksum: dbb3db9d184343152520a209b5684f5e0ed416109cde82b428ca9c759c29b10c7450657785a8b5c5256aa74acc6da491c1f0cf6b784939f7931ef82982051b69
  languageName: node
  linkType: hard

"@babel/parser@npm:^7.16.4":
  version: 7.17.9
  resolution: "@babel/parser@npm:7.17.9"
  bin:
    parser: ./bin/babel-parser.js
  checksum: ea59c985ebfae7c0299c8ea63ed34903202f51665db8d59c55b4366e20270b74d7367a2c211fdd2db20f25750df89adcc85ab6c8692061c6459a88efb79f43e6
  languageName: node
  linkType: hard

"@babel/types@npm:^7.8.3":
  version: 7.17.0
  resolution: "@babel/types@npm:7.17.0"
  dependencies:
    "@babel/helper-validator-identifier": ^7.16.7
    to-fast-properties: ^2.0.0
  checksum: 12e5a287986fe557188e87b2c5202223f1dc83d9239a196ab936fdb9f8c1eb0be717ff19f934b5fad4e29a75586d5798f74bed209bccea1c20376b9952056f0e
  languageName: node
  linkType: hard

"@vue/compiler-core@npm:3.2.31":
  version: 3.2.31
  resolution: "@vue/compiler-core@npm:3.2.31"
  dependencies:
    "@babel/parser": ^7.16.4
    "@vue/shared": 3.2.31
    estree-walker: ^2.0.2
    source-map: ^0.6.1
  checksum: 61ae042cbf2708fbf7374c9b34d005063856224b888a2e8d8520da9cd449f6ccc7a36cfae8c2121f064a3f0ae01a4ab414c471388d27d5258d9d378e72aefb14
  languageName: node
  linkType: hard

"@vue/compiler-core@npm:3.2.33":
  version: 3.2.33
  resolution: "@vue/compiler-core@npm:3.2.33"
  dependencies:
    "@babel/parser": ^7.16.4
    "@vue/shared": 3.2.33
    estree-walker: ^2.0.2
    source-map: ^0.6.1
  checksum: bae1a7db26ab208fe8f0b09f443387e0951a1d1b35f80d89cad2285a818dc9dece783b98ccee4dbece59fde57f20a2f17afb183f710fdbc852e568bdf871265e
  languageName: node
  linkType: hard

"@vue/compiler-dom@npm:3.2.31":
  version: 3.2.31
  resolution: "@vue/compiler-dom@npm:3.2.31"
  dependencies:
    "@vue/compiler-core": 3.2.31
    "@vue/shared": 3.2.31
  checksum: bf08990a67b6ee751fe149c4bbec9b8473b16100c1525c048587a4709c68d1ef787722e2966b14bc5297ba8032e6fad996c604e6074e74070cecad117709a5f6
  languageName: node
  linkType: hard

"@vue/compiler-dom@npm:3.2.33":
  version: 3.2.33
  resolution: "@vue/compiler-dom@npm:3.2.33"
  dependencies:
    "@vue/compiler-core": 3.2.33
    "@vue/shared": 3.2.33
  checksum: 498f313c81d287ab4ee5861508121ab130728f3b643544041acdadfce9840c2ea05b972169437ef1462443d4d0bc9674105db7b6cfa75f6e46ef470f2a098112
  languageName: node
  linkType: hard

"@vue/compiler-sfc@npm:3.2.31":
  version: 3.2.31
  resolution: "@vue/compiler-sfc@npm:3.2.31"
  dependencies:
    "@babel/parser": ^7.16.4
    "@vue/compiler-core": 3.2.31
    "@vue/compiler-dom": 3.2.31
    "@vue/compiler-ssr": 3.2.31
    "@vue/reactivity-transform": 3.2.31
    "@vue/shared": 3.2.31
    estree-walker: ^2.0.2
    magic-string: ^0.25.7
    postcss: ^8.1.10
    source-map: ^0.6.1
  checksum: a99ea2c17eb761926ee164fdbc1c30e959026b237d56faa3c1c2313f0b73efd0cd177c9fea37352d53aa0304af0ac58c35fe9e193f742804f87cd9af64610a39
  languageName: node
  linkType: hard

"@vue/compiler-sfc@npm:^3.2.33":
  version: 3.2.33
  resolution: "@vue/compiler-sfc@npm:3.2.33"
  dependencies:
    "@babel/parser": ^7.16.4
    "@vue/compiler-core": 3.2.33
    "@vue/compiler-dom": 3.2.33
    "@vue/compiler-ssr": 3.2.33
    "@vue/reactivity-transform": 3.2.33
    "@vue/shared": 3.2.33
    estree-walker: ^2.0.2
    magic-string: ^0.25.7
    postcss: ^8.1.10
    source-map: ^0.6.1
  checksum: f436c49bdce0d00d4b0c8dd9a9a8e76167898fc10e79578425391d0b0a712e8d8f3aad257066d6e0ecdde3c6c38e6280f93ea741865ea1cab823b71440578a24
  languageName: node
  linkType: hard

"@vue/compiler-ssr@npm:3.2.31":
  version: 3.2.31
  resolution: "@vue/compiler-ssr@npm:3.2.31"
  dependencies:
    "@vue/compiler-dom": 3.2.31
    "@vue/shared": 3.2.31
  checksum: 39d07986a269d639c7514a0dac8b750731da48381cdaa844cf12d20e53f8e2d47911bd5da4a5c561e134cd3582717ac497762f758b27977993eb83fbe9cceb1c
  languageName: node
  linkType: hard

"@vue/compiler-ssr@npm:3.2.33":
  version: 3.2.33
  resolution: "@vue/compiler-ssr@npm:3.2.33"
  dependencies:
    "@vue/compiler-dom": 3.2.33
    "@vue/shared": 3.2.33
  checksum: 4107f8e9e8f4553ba12cb915d0f51169b67176fbb50e05accf014ee6786e767ae9ec1218ffae266e807d00fbdeb881781a615d777531385581cce2ea5e1afd58
  languageName: node
  linkType: hard

"@vue/reactivity-transform@npm:3.2.31":
  version: 3.2.31
  resolution: "@vue/reactivity-transform@npm:3.2.31"
  dependencies:
    "@babel/parser": ^7.16.4
    "@vue/compiler-core": 3.2.31
    "@vue/shared": 3.2.31
    estree-walker: ^2.0.2
    magic-string: ^0.25.7
  checksum: fc3c5390888c7b12622cf98c6873bbcb8a4d717fc1f5888c5e83bd911deb11402e9d5e59aae85edd756406ea9859dfe7c51c759284cd668e38e236b2a89ce997
  languageName: node
  linkType: hard

"@vue/reactivity-transform@npm:3.2.33":
  version: 3.2.33
  resolution: "@vue/reactivity-transform@npm:3.2.33"
  dependencies:
    "@babel/parser": ^7.16.4
    "@vue/compiler-core": 3.2.33
    "@vue/shared": 3.2.33
    estree-walker: ^2.0.2
    magic-string: ^0.25.7
  checksum: 599a68f4bb1b36ac7015ddfc5cbcc97498e9caac5d1b96834185e2d248c22d1f1f4184e33788761112377ce22f9e2e3d79c50b551eec685395368a2480e6385c
  languageName: node
  linkType: hard

"@vue/reactivity@npm:3.2.31":
  version: 3.2.31
  resolution: "@vue/reactivity@npm:3.2.31"
  dependencies:
    "@vue/shared": 3.2.31
  checksum: acef40b4fff4ca7c1409a2c25a9449f122621d19e0efa5a25dfac2625e420ea899a31dd714c4923868e739318cf2ec8212ed6a80a36c127d84803caa3f72010c
  languageName: node
  linkType: hard

"@vue/runtime-core@npm:3.2.31":
  version: 3.2.31
  resolution: "@vue/runtime-core@npm:3.2.31"
  dependencies:
    "@vue/reactivity": 3.2.31
    "@vue/shared": 3.2.31
  checksum: c3e2a34d7e96fb05921d6af7ad4ad5f5e183eb78ed159f62cecc406b2d2b05a0c35cea680db6ff4f390a589d7e6d295908456a92137546b870e0f35b9219dc3c
  languageName: node
  linkType: hard

"@vue/runtime-dom@npm:3.2.31":
  version: 3.2.31
  resolution: "@vue/runtime-dom@npm:3.2.31"
  dependencies:
    "@vue/runtime-core": 3.2.31
    "@vue/shared": 3.2.31
    csstype: ^2.6.8
  checksum: c4b3b64434221002536b6f1e54a717eeac4bdacfa220909080a9298467810b4280ee1235b6ea0258383d4206fb6352fdb3a60d2848b51d008dc4d6c9bea682ad
  languageName: node
  linkType: hard

"@vue/server-renderer@npm:3.2.31":
  version: 3.2.31
  resolution: "@vue/server-renderer@npm:3.2.31"
  dependencies:
    "@vue/compiler-ssr": 3.2.31
    "@vue/shared": 3.2.31
  peerDependencies:
    vue: 3.2.31
  checksum: 9ac41a1ae9e004f1500c430b3d4b62552e6ecac7bb4370d9da2b3027d57ac8b9af51dff7ef8cd9aea93c511d2c293fe89960e5dd07d926136ad65efec1921bd2
  languageName: node
  linkType: hard

"@vue/shared@npm:3.2.31":
  version: 3.2.31
  resolution: "@vue/shared@npm:3.2.31"
  checksum: bf614d9d06f7c01fbe3f5f50d8f7621fffd83d2eebd6c2ccf540c59754283d3b659aa93f7d610ed4c16284a4d5208ef5aec12337f2d4d0ab05e9a271cd4a2051
  languageName: node
  linkType: hard

"@vue/shared@npm:3.2.33":
  version: 3.2.33
  resolution: "@vue/shared@npm:3.2.33"
  checksum: 0083c9555b44f1c230079fac9270764e51af740f851101ae8972758fe6acf52184f76b4ab0c67a3840096d8f5a0988b99cae3046826b0f15af2431db6127ae48
  languageName: node
  linkType: hard

"commander@npm:^8.0.0, commander@npm:^8.1.0, commander@npm:^8.3.0":
  version: 8.3.0
  resolution: "commander@npm:8.3.0"
  checksum: 0f82321821fc27b83bd409510bb9deeebcfa799ff0bf5d102128b500b7af22872c0c92cb6a0ebc5a4cf19c6b550fba9cedfa7329d18c6442a625f851377bacf0
  languageName: node
  linkType: hard

"core-js@npm:3.16.1":
  version: 3.16.1
  resolution: "core-js@npm:3.16.1"
  checksum: 7924fa2a7f00e3a33bbe92fe42ba59fbbe7e01557a59824d000976300be3ba224cca20161f61654b3861ea80d244d6adfee6ed3ae6d6d9931210a37510fb7c9b
  languageName: node
  linkType: hard

"core-js@npm:3.22.0":
  version: 3.22.0
  resolution: "core-js@npm:3.22.0"
  checksum: 88ac28dfb8e7fdcd80d32a69dc634900e3daf3bc873ebefb6f189b598ce96e9b68fe553428627e5c43f27749779389faceb865a2a120cf2d44f05795830b5cd7
  languageName: node
  linkType: hard

"csstype@npm:^2.6.8":
  version: 2.6.20
  resolution: "csstype@npm:2.6.20"
  checksum: cb5d5ded49c3390909e93b20b285d4a63d0ba5b10294bdfbc4cf911f80e91d6cf367ea671f99f09570762535c14ea7074a2c7fa73f02008203f01328dea8968b
  languageName: node
  linkType: hard

"estree-walker@npm:^2.0.2":
  version: 2.0.2
  resolution: "estree-walker@npm:2.0.2"
  checksum: 6151e6f9828abe2259e57f5fd3761335bb0d2ebd76dc1a01048ccee22fabcfef3c0859300f6d83ff0d1927849368775ec5a6d265dde2f6de5a1be1721cd94efc
  languageName: node
  linkType: hard

"fs-extra@npm:^10.0.0, fs-extra@npm:^10.0.1":
  version: 10.1.0
  resolution: "fs-extra@npm:10.1.0"
  dependencies:
    graceful-fs: ^4.2.0
    jsonfile: ^6.0.1
    universalify: ^2.0.0
  checksum: dc94ab37096f813cc3ca12f0f1b5ad6744dfed9ed21e953d72530d103cea193c2f81584a39e9dee1bea36de5ee66805678c0dddc048e8af1427ac19c00fffc50
  languageName: node
  linkType: hard

"graceful-fs@npm:^4.1.6, graceful-fs@npm:^4.2.0":
  version: 4.2.10
  resolution: "graceful-fs@npm:4.2.10"
  checksum: 3f109d70ae123951905d85032ebeae3c2a5a7a997430df00ea30df0e3a6c60cf6689b109654d6fdacd28810a053348c4d14642da1d075049e6be1ba5216218da
  languageName: node
  linkType: hard

"highlight.js@npm:^11.2.0, highlight.js@npm:^11.5.1":
  version: 11.5.1
  resolution: "highlight.js@npm:11.5.1"
  checksum: bff556101d7691c6275ad19318e368fc971cd0621ef3d86222f5373df7d8191a2fc1ffd47f118138cbcf85e5fe91cfeefaecd6184f49a3ec18090955efc9edef
  languageName: node
  linkType: hard

"jsonfile@npm:^6.0.1":
  version: 6.1.0
  resolution: "jsonfile@npm:6.1.0"
  dependencies:
    graceful-fs: ^4.1.6
    universalify: ^2.0.0
  dependenciesMeta:
    graceful-fs:
      optional: true
  checksum: 7af3b8e1ac8fe7f1eccc6263c6ca14e1966fcbc74b618d3c78a0a2075579487547b94f72b7a1114e844a1e15bb00d440e5d1720bfc4612d790a6f285d5ea8354
  languageName: node
  linkType: hard

"katex@npm:^0.13.13, katex@npm:^0.13.24":
  version: 0.13.24
  resolution: "katex@npm:0.13.24"
  dependencies:
    commander: ^8.0.0
  bin:
    katex: cli.js
  checksum: 1b7c8295867073d0db4f6fb41ef1c0e3418b8e23924ff61b446b36134cb74cdadc7242dfbfb922d9c32f0b15eda6160a08cd30948c4e78141966ca2991a1726b
  languageName: node
  linkType: hard

"magic-string@npm:^0.25.7":
  version: 0.25.9
  resolution: "magic-string@npm:0.25.9"
  dependencies:
    sourcemap-codec: ^1.4.8
  checksum: 9a0e55a15c7303fc360f9572a71cffba1f61451bc92c5602b1206c9d17f492403bf96f946dfce7483e66822d6b74607262e24392e87b0ac27b786e69a40e9b1a
  languageName: node
  linkType: hard

"mkdirp@npm:^1.0.4":
  version: 1.0.4
  resolution: "mkdirp@npm:1.0.4"
  bin:
    mkdirp: bin/cmd.js
  checksum: a96865108c6c3b1b8e1d5e9f11843de1e077e57737602de1b82030815f311be11f96f09cce59bd5b903d0b29834733e5313f9301e3ed6d6f6fba2eae0df4298f
  languageName: node
  linkType: hard

"nanoid@npm:^3.3.1":
  version: 3.3.3
  resolution: "nanoid@npm:3.3.3"
  bin:
    nanoid: bin/nanoid.cjs
  checksum: ada019402a07464a694553c61d2dca8a4353645a7d92f2830f0d487fedff403678a0bee5323a46522752b2eab95a0bc3da98b6cccaa7c0c55cd9975130e6d6f0
  languageName: node
  linkType: hard

"picocolors@npm:^1.0.0":
  version: 1.0.0
  resolution: "picocolors@npm:1.0.0"
  checksum: a2e8092dd86c8396bdba9f2b5481032848525b3dc295ce9b57896f931e63fc16f79805144321f72976383fc249584672a75cc18d6777c6b757603f372f745981
  languageName: node
  linkType: hard

"postcss@npm:^8.1.10":
  version: 8.4.12
  resolution: "postcss@npm:8.4.12"
  dependencies:
    nanoid: ^3.3.1
    picocolors: ^1.0.0
    source-map-js: ^1.0.2
  checksum: 248e3d0f9bbb8efaafcfda7f91627a29bdc9a19f456896886330beb28c5abea0e14c7901b35191928602e2eccbed496b1e94097d27a0b2a980854cd00c7a835f
  languageName: node
  linkType: hard

"richmd-cli@npm:^0.4.0":
  version: 0.4.0
  resolution: "richmd-cli@npm:0.4.0"
  dependencies:
    commander: ^8.1.0
    core-js: 3.16.1
    fs-extra: ^10.0.0
    highlight.js: ^11.2.0
    katex: ^0.13.13
    mkdirp: ^1.0.4
    richmd: ^2.2.4
  bin:
    richmd: lib/script.js
  checksum: 4b7b497100b7ade737c4f25729ea5b1b8c59187c14eb3cc767f92c45a72e279f310deed79365874a180cbed8b4793437c5c912b16cf0a2ee6af57a7af0253a45
  languageName: node
  linkType: hard

"richmd-vue@workspace:.":
  version: 0.0.0-use.local
  resolution: "richmd-vue@workspace:."
  dependencies:
    "@vue/compiler-sfc": ^3.2.33
    richmd: ^2.2.7
    vue: next
  languageName: unknown
  linkType: soft

"richmd@npm:^2.2.4, richmd@npm:^2.2.7":
  version: 2.2.7
  resolution: "richmd@npm:2.2.7"
  dependencies:
    commander: ^8.3.0
    core-js: 3.22.0
    fs-extra: ^10.0.1
    highlight.js: ^11.5.1
    katex: ^0.13.24
    mkdirp: ^1.0.4
    richmd-cli: ^0.4.0
  bin:
    richmd: lib/script.js
  checksum: 83c17ab8a97cd73c067a33c61fd8d845e9ea1324fb51ac40398f941158ed696455ccdcfce0fccc5b0e04f27f995289e1233ef301a07b609054ca2297211a95f0
  languageName: node
  linkType: hard

"source-map-js@npm:^1.0.2":
  version: 1.0.2
  resolution: "source-map-js@npm:1.0.2"
  checksum: c049a7fc4deb9a7e9b481ae3d424cc793cb4845daa690bc5a05d428bf41bf231ced49b4cf0c9e77f9d42fdb3d20d6187619fc586605f5eabe995a316da8d377c
  languageName: node
  linkType: hard

"source-map@npm:^0.6.1":
  version: 0.6.1
  resolution: "source-map@npm:0.6.1"
  checksum: 59ce8640cf3f3124f64ac289012c2b8bd377c238e316fb323ea22fbfe83da07d81e000071d7242cad7a23cd91c7de98e4df8830ec3f133cb6133a5f6e9f67bc2
  languageName: node
  linkType: hard

"sourcemap-codec@npm:^1.4.8":
  version: 1.4.8
  resolution: "sourcemap-codec@npm:1.4.8"
  checksum: b57981c05611afef31605732b598ccf65124a9fcb03b833532659ac4d29ac0f7bfacbc0d6c5a28a03e84c7510e7e556d758d0bb57786e214660016fb94279316
  languageName: node
  linkType: hard

"to-fast-properties@npm:^2.0.0":
  version: 2.0.0
  resolution: "to-fast-properties@npm:2.0.0"
  checksum: be2de62fe58ead94e3e592680052683b1ec986c72d589e7b21e5697f8744cdbf48c266fa72f6c15932894c10187b5f54573a3bcf7da0bfd964d5caf23d436168
  languageName: node
  linkType: hard

"universalify@npm:^2.0.0":
  version: 2.0.0
  resolution: "universalify@npm:2.0.0"
  checksum: 2406a4edf4a8830aa6813278bab1f953a8e40f2f63a37873ffa9a3bc8f9745d06cc8e88f3572cb899b7e509013f7f6fcc3e37e8a6d914167a5381d8440518c44
  languageName: node
  linkType: hard

"vue@npm:next":
  version: 3.2.31
  resolution: "vue@npm:3.2.31"
  dependencies:
    "@vue/compiler-dom": 3.2.31
    "@vue/compiler-sfc": 3.2.31
    "@vue/runtime-dom": 3.2.31
    "@vue/server-renderer": 3.2.31
    "@vue/shared": 3.2.31
  checksum: 2d66b563e60ce01ff4872f425b1acaf9a9f9d36f48eb986c89962d9b324c6bf566868503811462317052273b53056bbc58be3ceb06ea39dff174bb0fa62db3a2
  languageName: node
  linkType: hard
